
Microsoft Visual Studio Solution File, Format Version 12.00
# Visual Studio 15
VisualStudioVersion = 15.0.26403.7
MinimumVisualStudioVersion = 10.0.40219.1
Project("{FAE04EC0-301F-11D3-BF4B-00C04F79EFBC}") = "GroupedListViewMemoryLeak", "GroupedListViewMemoryLeak\GroupedListViewMemoryLeak\GroupedListViewMemoryLeak.csproj", "{94A97373-14D8-4F34-BCFA-C325B96EAB00}"
EndProject
Project("{FAE04EC0-301F-11D3-BF4B-00C04F79EFBC}") = "GroupedListViewMemoryLeak.UWP", "GroupedListViewMemoryLeak\GroupedListViewMemoryLeak.UWP\GroupedListViewMemoryLeak.UWP.csproj", "{8CC41FA2-899F-4AD3-8CA9-C8DFF5CF44DC}"
EndProject
Global
	GlobalSection(SolutionConfigurationPlatforms) = preSolution
		Ad-Hoc|Any CPU = Ad-Hoc|Any CPU
		Ad-Hoc|ARM = Ad-Hoc|ARM
		Ad-Hoc|iPhone = Ad-Hoc|iPhone
		Ad-Hoc|iPhoneSimulator = Ad-Hoc|iPhoneSimulator
		Ad-Hoc|x64 = Ad-Hoc|x64
		Ad-Hoc|x86 = Ad-Hoc|x86
		AppStore|Any CPU = AppStore|Any CPU
		AppStore|ARM = AppStore|ARM
		AppStore|iPhone = AppStore|iPhone
		AppStore|iPhoneSimulator = AppStore|iPhoneSimulator
		AppStore|x64 = AppStore|x64
		AppStore|x86 = AppStore|x86
		Debug|Any CPU = Debug|Any CPU
		Debug|ARM = Debug|ARM
		Debug|iPhone = Debug|iPhone
		Debug|iPhoneSimulator = Debug|iPhoneSimulator
		Debug|x64 = Debug|x64
		Debug|x86 = Debug|x86
		Release|Any CPU = Release|Any CPU
		Release|ARM = Release|ARM
		Release|iPhone = Release|iPhone
		Release|iPhoneSimulator = Release|iPhoneSimulator
		Release|x64 = Release|x64
		Release|x86 = Release|x86
	EndGlobalSection
	GlobalSection(ProjectConfigurationPlatforms) = postSolution
		{94A97373-14D8-4F34-BCFA-C325B96EAB00}.Ad-Hoc|Any CPU.ActiveCfg = Release|Any CPU
		{94A97373-14D8-4F34-BCFA-C325B96EAB00}.Ad-Hoc|Any CPU.Build.0 = Release|Any CPU
		{94A97373-14D8-4F34-BCFA-C325B96EAB00}.Ad-Hoc|ARM.ActiveCfg = Release|Any CPU
		{94A97373-14D8-4F34-BCFA-C325B96EAB00}.Ad-Hoc|ARM.Build.0 = Release|Any CPU
		{94A97373-14D8-4F34-BCFA-C325B96EAB00}.Ad-Hoc|iPhone.ActiveCfg = Release|Any CPU
		{94A97373-14D8-4F34-BCFA-C325B96EAB00}.Ad-Hoc|iPhone.Build.0 = Release|Any CPU
		{94A97373-14D8-4F34-BCFA-C325B96EAB00}.Ad-Hoc|iPhoneSimulator.ActiveCfg = Release|Any CPU
		{94A97373-14D8-4F34-BCFA-C325B96EAB00}.Ad-Hoc|iPhoneSimulator.Build.0 = Release|Any CPU
		{94A97373-14D8-4F34-BCFA-C325B96EAB00}.Ad-Hoc|x64.ActiveCfg = Release|Any CPU
		{94A97373-14D8-4F34-BCFA-C325B96EAB00}.Ad-Hoc|x64.Build.0 = Release|Any CPU
		{94A97373-14D8-4F34-BCFA-C325B96EAB00}.Ad-Hoc|x86.ActiveCfg = Release|Any CPU
		{94A97373-14D8-4F34-BCFA-C325B96EAB00}.Ad-Hoc|x86.Build.0 = Release|Any CPU
		{94A97373-14D8-4F34-BCFA-C325B96EAB00}.AppStore|Any CPU.ActiveCfg = Release|Any CPU
		{94A97373-14D8-4F34-BCFA-C325B96EAB00}.AppStore|Any CPU.Build.0 = Release|Any CPU
		{94A97373-14D8-4F34-BCFA-C325B96EAB00}.AppStore|ARM.ActiveCfg = Release|Any CPU
		{94A97373-14D8-4F34-BCFA-C325B96EAB00}.AppStore|ARM.Build.0 = Release|Any CPU
		{94A97373-14D8-4F34-BCFA-C325B96EAB00}.AppStore|iPhone.ActiveCfg = Release|Any CPU
		{94A97373-14D8-4F34-BCFA-C325B96EAB00}.AppStore|iPhone.Build.0 = Release|Any CPU
		{94A97373-14D8-4F34-BCFA-C325B96EAB00}.AppStore|iPhoneSimulator.ActiveCfg = Release|Any CPU
		{94A97373-14D8-4F34-BCFA-C325B96EAB00}.AppStore|iPhoneSimulator.Build.0 = Release|Any CPU
		{94A97373-14D8-4F34-BCFA-C325B96EAB00}.AppStore|x64.ActiveCfg = Release|Any CPU
		{94A97373-14D8-4F34-BCFA-C325B96EAB00}.AppStore|x64.Build.0 = Release|Any CPU
		{94A97373-14D8-4F34-BCFA-C325B96EAB00}.AppStore|x86.ActiveCfg = Release|Any CPU
		{94A97373-14D8-4F34-BCFA-C325B96EAB00}.AppStore|x86.Build.0 = Release|Any CPU
		{94A97373-14D8-4F34-BCFA-C325B96EAB00}.Debug|Any CPU.ActiveCfg = Debug|Any CPU
		{94A97373-14D8-4F34-BCFA-C325B96EAB00}.Debug|Any CPU.Build.0 = Debug|Any CPU
		{94A97373-14D8-4F34-BCFA-C325B96EAB00}.Debug|ARM.ActiveCfg = Debug|Any CPU
		{94A97373-14D8-4F34-BCFA-C325B96EAB00}.Debug|ARM.Build.0 = Debug|Any CPU
		{94A97373-14D8-4F34-BCFA-C325B96EAB00}.Debug|iPhone.ActiveCfg = Debug|Any CPU
		{94A97373-14D8-4F34-BCFA-C325B96EAB00}.Debug|iPhone.Build.0 = Debug|Any CPU
		{94A97373-14D8-4F34-BCFA-C325B96EAB00}.Debug|iPhoneSimulator.ActiveCfg = Debug|Any CPU
		{94A97373-14D8-4F34-BCFA-C325B96EAB00}.Debug|iPhoneSimulator.Build.0 = Debug|Any CPU
		{94A97373-14D8-4F34-BCFA-C325B96EAB00}.Debug|x64.ActiveCfg = Debug|Any CPU
		{94A97373-14D8-4F34-BCFA-C325B96EAB00}.Debug|x64.Build.0 = Debug|Any CPU
		{94A97373-14D8-4F34-BCFA-C325B96EAB00}.Debug|x86.ActiveCfg = Debug|Any CPU
		{94A97373-14D8-4F34-BCFA-C325B96EAB00}.Debug|x86.Build.0 = Debug|Any CPU
		{94A97373-14D8-4F34-BCFA-C325B96EAB00}.Release|Any CPU.ActiveCfg = Release|Any CPU
		{94A97373-14D8-4F34-BCFA-C325B96EAB00}.Release|Any CPU.Build.0 = Release|Any CPU
		{94A97373-14D8-4F34-BCFA-C325B96EAB00}.Release|ARM.ActiveCfg = Release|Any CPU
		{94A97373-14D8-4F34-BCFA-C325B96EAB00}.Release|ARM.Build.0 = Release|Any CPU
		{94A97373-14D8-4F34-BCFA-C325B96EAB00}.Release|iPhone.ActiveCfg = Release|Any CPU
		{94A97373-14D8-4F34-BCFA-C325B96EAB00}.Release|iPhone.Build.0 = Release|Any CPU
		{94A97373-14D8-4F34-BCFA-C325B96EAB00}.Release|iPhoneSimulator.ActiveCfg = Release|Any CPU
		{94A97373-14D8-4F34-BCFA-C325B96EAB00}.Release|iPhoneSimulator.Build.0 = Release|Any CPU
		{94A97373-14D8-4F34-BCFA-C325B96EAB00}.Release|x64.ActiveCfg = Release|Any CPU
		{94A97373-14D8-4F34-BCFA-C325B96EAB00}.Release|x64.Build.0 = Release|Any CPU
		{94A97373-14D8-4F34-BCFA-C325B96EAB00}.Release|x86.ActiveCfg = Release|Any CPU
		{94A97373-14D8-4F34-BCFA-C325B96EAB00}.Release|x86.Build.0 = Release|Any CPU
		{8CC41FA2-899F-4AD3-8CA9-C8DFF5CF44DC}.Ad-Hoc|Any CPU.ActiveCfg = Release|x86
		{8CC41FA2-899F-4AD3-8CA9-C8DFF5CF44DC}.Ad-Hoc|Any CPU.Build.0 = Release|x86
		{8CC41FA2-899F-4AD3-8CA9-C8DFF5CF44DC}.Ad-Hoc|Any CPU.Deploy.0 = Release|x86
		{8CC41FA2-899F-4AD3-8CA9-C8DFF5CF44DC}.Ad-Hoc|ARM.ActiveCfg = Release|ARM
		{8CC41FA2-899F-4AD3-8CA9-C8DFF5CF44DC}.Ad-Hoc|ARM.Build.0 = Release|ARM
		{8CC41FA2-899F-4AD3-8CA9-C8DFF5CF44DC}.Ad-Hoc|ARM.Deploy.0 = Release|ARM
		{8CC41FA2-899F-4AD3-8CA9-C8DFF5CF44DC}.Ad-Hoc|iPhone.ActiveCfg = Release|x86
		{8CC41FA2-899F-4AD3-8CA9-C8DFF5CF44DC}.Ad-Hoc|iPhone.Build.0 = Release|x86
		{8CC41FA2-899F-4AD3-8CA9-C8DFF5CF44DC}.Ad-Hoc|iPhone.Deploy.0 = Release|x86
		{8CC41FA2-899F-4AD3-8CA9-C8DFF5CF44DC}.Ad-Hoc|iPhoneSimulator.ActiveCfg = Release|x86
		{8CC41FA2-899F-4AD3-8CA9-C8DFF5CF44DC}.Ad-Hoc|iPhoneSimulator.Build.0 = Release|x86
		{8CC41FA2-899F-4AD3-8CA9-C8DFF5CF44DC}.Ad-Hoc|iPhoneSimulator.Deploy.0 = Release|x86
		{8CC41FA2-899F-4AD3-8CA9-C8DFF5CF44DC}.Ad-Hoc|x64.ActiveCfg = Release|x64
		{8CC41FA2-899F-4AD3-8CA9-C8DFF5CF44DC}.Ad-Hoc|x64.Build.0 = Release|x64
		{8CC41FA2-899F-4AD3-8CA9-C8DFF5CF44DC}.Ad-Hoc|x64.Deploy.0 = Release|x64
		{8CC41FA2-899F-4AD3-8CA9-C8DFF5CF44DC}.Ad-Hoc|x86.ActiveCfg = Release|x86
		{8CC41FA2-899F-4AD3-8CA9-C8DFF5CF44DC}.Ad-Hoc|x86.Build.0 = Release|x86
		{8CC41FA2-899F-4AD3-8CA9-C8DFF5CF44DC}.Ad-Hoc|x86.Deploy.0 = Release|x86
		{8CC41FA2-899F-4AD3-8CA9-C8DFF5CF44DC}.AppStore|Any CPU.ActiveCfg = Release|x86
		{8CC41FA2-899F-4AD3-8CA9-C8DFF5CF44DC}.AppStore|Any CPU.Build.0 = Release|x86
		{8CC41FA2-899F-4AD3-8CA9-C8DFF5CF44DC}.AppStore|Any CPU.Deploy.0 = Release|x86
		{8CC41FA2-899F-4AD3-8CA9-C8DFF5CF44DC}.AppStore|ARM.ActiveCfg = Release|ARM
		{8CC41FA2-899F-4AD3-8CA9-C8DFF5CF44DC}.AppStore|ARM.Build.0 = Release|ARM
		{8CC41FA2-899F-4AD3-8CA9-C8DFF5CF44DC}.AppStore|ARM.Deploy.0 = Release|ARM
		{8CC41FA2-899F-4AD3-8CA9-C8DFF5CF44DC}.AppStore|iPhone.ActiveCfg = Release|x86
		{8CC41FA2-899F-4AD3-8CA9-C8DFF5CF44DC}.AppStore|iPhone.Build.0 = Release|x86
		{8CC41FA2-899F-4AD3-8CA9-C8DFF5CF44DC}.AppStore|iPhone.Deploy.0 = Release|x86
		{8CC41FA2-899F-4AD3-8CA9-C8DFF5CF44DC}.AppStore|iPhoneSimulator.ActiveCfg = Release|x86
		{8CC41FA2-899F-4AD3-8CA9-C8DFF5CF44DC}.AppStore|iPhoneSimulator.Build.0 = Release|x86
		{8CC41FA2-899F-4AD3-8CA9-C8DFF5CF44DC}.AppStore|iPhoneSimulator.Deploy.0 = Release|x86
		{8CC41FA2-899F-4AD3-8CA9-C8DFF5CF44DC}.AppStore|x64.ActiveCfg = Release|x64
		{8CC41FA2-899F-4AD3-8CA9-C8DFF5CF44DC}.AppStore|x64.Build.0 = Release|x64
		{8CC41FA2-899F-4AD3-8CA9-C8DFF5CF44DC}.AppStore|x64.Deploy.0 = Release|x64
		{8CC41FA2-899F-4AD3-8CA9-C8DFF5CF44DC}.AppStore|x86.ActiveCfg = Release|x86
		{8CC41FA2-899F-4AD3-8CA9-C8DFF5CF44DC}.AppStore|x86.Build.0 = Release|x86
		{8CC41FA2-899F-4AD3-8CA9-C8DFF5CF44DC}.AppStore|x86.Deploy.0 = Release|x86
		{8CC41FA2-899F-4AD3-8CA9-C8DFF5CF44DC}.Debug|Any CPU.ActiveCfg = Debug|x86
		{8CC41FA2-899F-4AD3-8CA9-C8DFF5CF44DC}.Debug|Any CPU.Deploy.0 = Debug|x86
		{8CC41FA2-899F-4AD3-8CA9-C8DFF5CF44DC}.Debug|ARM.ActiveCfg = Debug|ARM
		{8CC41FA2-899F-4AD3-8CA9-C8DFF5CF44DC}.Debug|ARM.Build.0 = Debug|ARM
		{8CC41FA2-899F-4AD3-8CA9-C8DFF5CF44DC}.Debug|ARM.Deploy.0 = Debug|ARM
		{8CC41FA2-899F-4AD3-8CA9-C8DFF5CF44DC}.Debug|iPhone.ActiveCfg = Debug|x86
		{8CC41FA2-899F-4AD3-8CA9-C8DFF5CF44DC}.Debug|iPhoneSimulator.ActiveCfg = Debug|x86
		{8CC41FA2-899F-4AD3-8CA9-C8DFF5CF44DC}.Debug|x64.ActiveCfg = Debug|x64
		{8CC41FA2-899F-4AD3-8CA9-C8DFF5CF44DC}.Debug|x64.Build.0 = Debug|x64
		{8CC41FA2-899F-4AD3-8CA9-C8DFF5CF44DC}.Debug|x64.Deploy.0 = Debug|x64
		{8CC41FA2-899F-4AD3-8CA9-C8DFF5CF44DC}.Debug|x86.ActiveCfg = Debug|x86
		{8CC41FA2-899F-4AD3-8CA9-C8DFF5CF44DC}.Debug|x86.Build.0 = Debug|x86
		{8CC41FA2-899F-4AD3-8CA9-C8DFF5CF44DC}.Debug|x86.Deploy.0 = Debug|x86
		{8CC41FA2-899F-4AD3-8CA9-C8DFF5CF44DC}.Release|Any CPU.ActiveCfg = Release|x86
		{8CC41FA2-899F-4AD3-8CA9-C8DFF5CF44DC}.Release|ARM.ActiveCfg = Release|ARM
		{8CC41FA2-899F-4AD3-8CA9-C8DFF5CF44DC}.Release|ARM.Build.0 = Release|ARM
		{8CC41FA2-899F-4AD3-8CA9-C8DFF5CF44DC}.Release|ARM.Deploy.0 = Release|ARM
		{8CC41FA2-899F-4AD3-8CA9-C8DFF5CF44DC}.Release|iPhone.ActiveCfg = Release|x86
		{8CC41FA2-899F-4AD3-8CA9-C8DFF5CF44DC}.Release|iPhoneSimulator.ActiveCfg = Release|x86
		{8CC41FA2-899F-4AD3-8CA9-C8DFF5CF44DC}.Release|x64.ActiveCfg = Release|x64
		{8CC41FA2-899F-4AD3-8CA9-C8DFF5CF44DC}.Release|x64.Build.0 = Release|x64
		{8CC41FA2-899F-4AD3-8CA9-C8DFF5CF44DC}.Release|x64.Deploy.0 = Release|x64
		{8CC41FA2-899F-4AD3-8CA9-C8DFF5CF44DC}.Release|x86.ActiveCfg = Release|x86
		{8CC41FA2-899F-4AD3-8CA9-C8DFF5CF44DC}.Release|x86.Build.0 = Release|x86
		{8CC41FA2-899F-4AD3-8CA9-C8DFF5CF44DC}.Release|x86.Deploy.0 = Release|x86
	EndGlobalSection
	GlobalSection(SolutionProperties) = preSolution
		HideSolutionNode = FALSE
	EndGlobalSection
EndGlobal
